// !$*UTF8*$!
{
	archiveVersion = 1;
	classes = {
	};
	objectVersion = 46;
	objects = {

/* Begin PBXBuildFile section */
		46A2D944155DBA50005AB2A9 /* UIKit.framework in Frameworks */ = {isa = PBXBuildFile; fileRef = 46A2D943155DBA50005AB2A9 /* UIKit.framework */; };
		46A2D946155DBA50005AB2A9 /* Foundation.framework in Frameworks */ = {isa = PBXBuildFile; fileRef = 46A2D945155DBA50005AB2A9 /* Foundation.framework */; };
		46A2D948155DBA50005AB2A9 /* CoreGraphics.framework in Frameworks */ = {isa = PBXBuildFile; fileRef = 46A2D947155DBA50005AB2A9 /* CoreGraphics.framework */; };
		46A2D94E155DBA51005AB2A9 /* InfoPlist.strings in Resources */ = {isa = PBXBuildFile; fileRef = 46A2D94C155DBA51005AB2A9 /* InfoPlist.strings */; };
		46A2D950155DBA51005AB2A9 /* main.m in Sources */ = {isa = PBXBuildFile; fileRef = 46A2D94F155DBA51005AB2A9 /* main.m */; };
		46A2D954155DBA51005AB2A9 /* LJKAppDelegate.m in Sources */ = {isa = PBXBuildFile; fileRef = 46A2D953155DBA51005AB2A9 /* LJKAppDelegate.m */; };
		46A2D957155DBA51005AB2A9 /* MainStoryboard_iPhone.storyboard in Resources */ = {isa = PBXBuildFile; fileRef = 46A2D955155DBA51005AB2A9 /* MainStoryboard_iPhone.storyboard */; };
		46A2D95A155DBA51005AB2A9 /* MainStoryboard_iPad.storyboard in Resources */ = {isa = PBXBuildFile; fileRef = 46A2D958155DBA51005AB2A9 /* MainStoryboard_iPad.storyboard */; };
		46A2D95D155DBA51005AB2A9 /* LJKViewController.m in Sources */ = {isa = PBXBuildFile; fileRef = 46A2D95C155DBA51005AB2A9 /* LJKViewController.m */; };
		46A2D965155DBA51005AB2A9 /* SenTestingKit.framework in Frameworks */ = {isa = PBXBuildFile; fileRef = 46A2D964155DBA51005AB2A9 /* SenTestingKit.framework */; };
		46A2D966155DBA51005AB2A9 /* UIKit.framework in Frameworks */ = {isa = PBXBuildFile; fileRef = 46A2D943155DBA50005AB2A9 /* UIKit.framework */; };
		46A2D967155DBA51005AB2A9 /* Foundation.framework in Frameworks */ = {isa = PBXBuildFile; fileRef = 46A2D945155DBA50005AB2A9 /* Foundation.framework */; };
		46A2D96F155DBA51005AB2A9 /* InfoPlist.strings in Resources */ = {isa = PBXBuildFile; fileRef = 46A2D96D155DBA51005AB2A9 /* InfoPlist.strings */; };
		46A2D972155DBA51005AB2A9 /* ModbusDemoTests.m in Sources */ = {isa = PBXBuildFile; fileRef = 46A2D971155DBA51005AB2A9 /* ModbusDemoTests.m */; };
		46A2D97E155DBA85005AB2A9 /* ObjectiveLibModbus.m in Sources */ = {isa = PBXBuildFile; fileRef = 46A2D97D155DBA85005AB2A9 /* ObjectiveLibModbus.m */; };
		46A2D98B155DBB69005AB2A9 /* modbus-data.c in Sources */ = {isa = PBXBuildFile; fileRef = 46A2D981155DBB69005AB2A9 /* modbus-data.c */; };
		46A2D98C155DBB69005AB2A9 /* modbus-data.c in Sources */ = {isa = PBXBuildFile; fileRef = 46A2D981155DBB69005AB2A9 /* modbus-data.c */; };
		46A2D98D155DBB69005AB2A9 /* modbus-rtu.c in Sources */ = {isa = PBXBuildFile; fileRef = 46A2D984155DBB69005AB2A9 /* modbus-rtu.c */; };
		46A2D98E155DBB69005AB2A9 /* modbus-rtu.c in Sources */ = {isa = PBXBuildFile; fileRef = 46A2D984155DBB69005AB2A9 /* modbus-rtu.c */; };
		46A2D98F155DBB69005AB2A9 /* modbus-tcp.c in Sources */ = {isa = PBXBuildFile; fileRef = 46A2D987155DBB69005AB2A9 /* modbus-tcp.c */; };
		46A2D990155DBB69005AB2A9 /* modbus-tcp.c in Sources */ = {isa = PBXBuildFile; fileRef = 46A2D987155DBB69005AB2A9 /* modbus-tcp.c */; };
		46A2D991155DBB69005AB2A9 /* modbus.c in Sources */ = {isa = PBXBuildFile; fileRef = 46A2D989155DBB69005AB2A9 /* modbus.c */; };
		46A2D992155DBB69005AB2A9 /* modbus.c in Sources */ = {isa = PBXBuildFile; fileRef = 46A2D989155DBB69005AB2A9 /* modbus.c */; };
		46A2D994155DBB90005AB2A9 /* modbus-version.h in Resources */ = {isa = PBXBuildFile; fileRef = 46A2D993155DBB90005AB2A9 /* modbus-version.h */; };
		46A2D995155DBB90005AB2A9 /* modbus-version.h in Resources */ = {isa = PBXBuildFile; fileRef = 46A2D993155DBB90005AB2A9 /* modbus-version.h */; };
/* End PBXBuildFile section */

/* Begin PBXContainerItemProxy section */
		46A2D968155DBA51005AB2A9 /* PBXContainerItemProxy */ = {
			isa = PBXContainerItemProxy;
			containerPortal = 46A2D936155DBA50005AB2A9 /* Project object */;
			proxyType = 1;
			remoteGlobalIDString = 46A2D93E155DBA50005AB2A9;
			remoteInfo = ModbusDemo;
		};
/* End PBXContainerItemProxy section */

/* Begin PBXFileReference section */
		46A2D93F155DBA50005AB2A9 /* ModbusDemo.app */ = {isa = PBXFileReference; explicitFileType = wrapper.application; includeInIndex = 0; path = ModbusDemo.app; sourceTree = BUILT_PRODUCTS_DIR; };
		46A2D943155DBA50005AB2A9 /* UIKit.framework */ = {isa = PBXFileReference; lastKnownFileType = wrapper.framework; name = UIKit.framework; path = System/Library/Frameworks/UIKit.framework; sourceTree = SDKROOT; };
		46A2D945155DBA50005AB2A9 /* Foundation.framework */ = {isa = PBXFileReference; lastKnownFileType = wrapper.framework; name = Foundation.framework; path = System/Library/Frameworks/Foundation.framework; sourceTree = SDKROOT; };
		46A2D947155DBA50005AB2A9 /* CoreGraphics.framework */ = {isa = PBXFileReference; lastKnownFileType = wrapper.framework; name = CoreGraphics.framework; path = System/Library/Frameworks/CoreGraphics.framework; sourceTree = SDKROOT; };
		46A2D94B155DBA51005AB2A9 /* ModbusDemo-Info.plist */ = {isa = PBXFileReference; lastKnownFileType = text.plist.xml; path = "ModbusDemo-Info.plist"; sourceTree = "<group>"; };
		46A2D94D155DBA51005AB2A9 /* en */ = {isa = PBXFileReference; lastKnownFileType = text.plist.strings; name = en; path = en.lproj/InfoPlist.strings; sourceTree = "<group>"; };
		46A2D94F155DBA51005AB2A9 /* main.m */ = {isa = PBXFileReference; lastKnownFileType = sourcecode.c.objc; path = main.m; sourceTree = "<group>"; };
		46A2D951155DBA51005AB2A9 /* ModbusDemo-Prefix.pch */ = {isa = PBXFileReference; lastKnownFileType = sourcecode.c.h; path = "ModbusDemo-Prefix.pch"; sourceTree = "<group>"; };
		46A2D952155DBA51005AB2A9 /* LJKAppDelegate.h */ = {isa = PBXFileReference; lastKnownFileType = sourcecode.c.h; path = LJKAppDelegate.h; sourceTree = "<group>"; };
		46A2D953155DBA51005AB2A9 /* LJKAppDelegate.m */ = {isa = PBXFileReference; lastKnownFileType = sourcecode.c.objc; path = LJKAppDelegate.m; sourceTree = "<group>"; };
		46A2D956155DBA51005AB2A9 /* en */ = {isa = PBXFileReference; lastKnownFileType = file.storyboard; name = en; path = en.lproj/MainStoryboard_iPhone.storyboard; sourceTree = "<group>"; };
		46A2D959155DBA51005AB2A9 /* en */ = {isa = PBXFileReference; lastKnownFileType = file.storyboard; name = en; path = en.lproj/MainStoryboard_iPad.storyboard; sourceTree = "<group>"; };
		46A2D95B155DBA51005AB2A9 /* LJKViewController.h */ = {isa = PBXFileReference; lastKnownFileType = sourcecode.c.h; path = LJKViewController.h; sourceTree = "<group>"; };
		46A2D95C155DBA51005AB2A9 /* LJKViewController.m */ = {isa = PBXFileReference; lastKnownFileType = sourcecode.c.objc; path = LJKViewController.m; sourceTree = "<group>"; };
		46A2D963155DBA51005AB2A9 /* ModbusDemoTests.octest */ = {isa = PBXFileReference; explicitFileType = wrapper.cfbundle; includeInIndex = 0; path = ModbusDemoTests.octest; sourceTree = BUILT_PRODUCTS_DIR; };
		46A2D964155DBA51005AB2A9 /* SenTestingKit.framework */ = {isa = PBXFileReference; lastKnownFileType = wrapper.framework; name = SenTestingKit.framework; path = Library/Frameworks/SenTestingKit.framework; sourceTree = DEVELOPER_DIR; };
		46A2D96C155DBA51005AB2A9 /* ModbusDemoTests-Info.plist */ = {isa = PBXFileReference; lastKnownFileType = text.plist.xml; path = "ModbusDemoTests-Info.plist"; sourceTree = "<group>"; };
		46A2D96E155DBA51005AB2A9 /* en */ = {isa = PBXFileReference; lastKnownFileType = text.plist.strings; name = en; path = en.lproj/InfoPlist.strings; sourceTree = "<group>"; };
		46A2D970155DBA51005AB2A9 /* ModbusDemoTests.h */ = {isa = PBXFileReference; lastKnownFileType = sourcecode.c.h; path = ModbusDemoTests.h; sourceTree = "<group>"; };
		46A2D971155DBA51005AB2A9 /* ModbusDemoTests.m */ = {isa = PBXFileReference; lastKnownFileType = sourcecode.c.objc; path = ModbusDemoTests.m; sourceTree = "<group>"; };
		46A2D97C155DBA85005AB2A9 /* ObjectiveLibModbus.h */ = {isa = PBXFileReference; fileEncoding = 4; lastKnownFileType = sourcecode.c.h; name = ObjectiveLibModbus.h; path = ../../ObjectiveLibModbus.h; sourceTree = "<group>"; };
		46A2D97D155DBA85005AB2A9 /* ObjectiveLibModbus.m */ = {isa = PBXFileReference; fileEncoding = 4; lastKnownFileType = sourcecode.c.objc; name = ObjectiveLibModbus.m; path = ../../ObjectiveLibModbus.m; sourceTree = "<group>"; };
		46A2D981155DBB69005AB2A9 /* modbus-data.c */ = {isa = PBXFileReference; fileEncoding = 4; lastKnownFileType = sourcecode.c.c; path = "modbus-data.c"; sourceTree = "<group>"; };
		46A2D982155DBB69005AB2A9 /* modbus-private.h */ = {isa = PBXFileReference; fileEncoding = 4; lastKnownFileType = sourcecode.c.h; path = "modbus-private.h"; sourceTree = "<group>"; };
		46A2D983155DBB69005AB2A9 /* modbus-rtu-private.h */ = {isa = PBXFileReference; fileEncoding = 4; lastKnownFileType = sourcecode.c.h; path = "modbus-rtu-private.h"; sourceTree = "<group>"; };
		46A2D984155DBB69005AB2A9 /* modbus-rtu.c */ = {isa = PBXFileReference; fileEncoding = 4; lastKnownFileType = sourcecode.c.c; path = "modbus-rtu.c"; sourceTree = "<group>"; };
		46A2D985155DBB69005AB2A9 /* modbus-rtu.h */ = {isa = PBXFileReference; fileEncoding = 4; lastKnownFileType = sourcecode.c.h; path = "modbus-rtu.h"; sourceTree = "<group>"; };
		46A2D986155DBB69005AB2A9 /* modbus-tcp-private.h */ = {isa = PBXFileReference; fileEncoding = 4; lastKnownFileType = sourcecode.c.h; path = "modbus-tcp-private.h"; sourceTree = "<group>"; };
		46A2D987155DBB69005AB2A9 /* modbus-tcp.c */ = {isa = PBXFileReference; fileEncoding = 4; lastKnownFileType = sourcecode.c.c; path = "modbus-tcp.c"; sourceTree = "<group>"; };
		46A2D988155DBB69005AB2A9 /* modbus-tcp.h */ = {isa = PBXFileReference; fileEncoding = 4; lastKnownFileType = sourcecode.c.h; path = "modbus-tcp.h"; sourceTree = "<group>"; };
		46A2D989155DBB69005AB2A9 /* modbus.c */ = {isa = PBXFileReference; fileEncoding = 4; lastKnownFileType = sourcecode.c.c; path = modbus.c; sourceTree = "<group>"; };
		46A2D98A155DBB69005AB2A9 /* modbus.h */ = {isa = PBXFileReference; fileEncoding = 4; lastKnownFileType = sourcecode.c.h; path = modbus.h; sourceTree = "<group>"; };
		46A2D993155DBB90005AB2A9 /* modbus-version.h */ = {isa = PBXFileReference; fileEncoding = 4; lastKnownFileType = sourcecode.c.h; path = "modbus-version.h"; sourceTree = "<group>"; };
/* End PBXFileReference section */

/* Begin PBXFrameworksBuildPhase section */
		46A2D93C155DBA50005AB2A9 /* Frameworks */ = {
			isa = PBXFrameworksBuildPhase;
			buildActionMask = 2147483647;
			files = (
				46A2D944155DBA50005AB2A9 /* UIKit.framework in Frameworks */,
				46A2D946155DBA50005AB2A9 /* Foundation.framework in Frameworks */,
				46A2D948155DBA50005AB2A9 /* CoreGraphics.framework in Frameworks */,
			);
			runOnlyForDeploymentPostprocessing = 0;
		};
		46A2D95F155DBA51005AB2A9 /* Frameworks */ = {
			isa = PBXFrameworksBuildPhase;
			buildActionMask = 2147483647;
			files = (
				46A2D965155DBA51005AB2A9 /* SenTestingKit.framework in Frameworks */,
				46A2D966155DBA51005AB2A9 /* UIKit.framework in Frameworks */,
				46A2D967155DBA51005AB2A9 /* Foundation.framework in Frameworks */,
			);
			runOnlyForDeploymentPostprocessing = 0;
		};
/* End PBXFrameworksBuildPhase section */

/* Begin PBXGroup section */
		46A2D934155DBA50005AB2A9 = {
			isa = PBXGroup;
			children = (
				46A2D97F155DBB3B005AB2A9 /* Vendor */,
				46A2D97B155DBA5A005AB2A9 /* ObjectiveLibModbus */,
				46A2D949155DBA51005AB2A9 /* ModbusDemo */,
				46A2D96A155DBA51005AB2A9 /* ModbusDemoTests */,
				46A2D942155DBA50005AB2A9 /* Frameworks */,
				46A2D940155DBA50005AB2A9 /* Products */,
			);
			sourceTree = "<group>";
		};
		46A2D940155DBA50005AB2A9 /* Products */ = {
			isa = PBXGroup;
			children = (
				46A2D93F155DBA50005AB2A9 /* ModbusDemo.app */,
				46A2D963155DBA51005AB2A9 /* ModbusDemoTests.octest */,
			);
			name = Products;
			sourceTree = "<group>";
		};
		46A2D942155DBA50005AB2A9 /* Frameworks */ = {
			isa = PBXGroup;
			children = (
				46A2D943155DBA50005AB2A9 /* UIKit.framework */,
				46A2D945155DBA50005AB2A9 /* Foundation.framework */,
				46A2D947155DBA50005AB2A9 /* CoreGraphics.framework */,
				46A2D964155DBA51005AB2A9 /* SenTestingKit.framework */,
			);
			name = Frameworks;
			sourceTree = "<group>";
		};
		46A2D949155DBA51005AB2A9 /* ModbusDemo */ = {
			isa = PBXGroup;
			children = (
				46A2D952155DBA51005AB2A9 /* LJKAppDelegate.h */,
				46A2D953155DBA51005AB2A9 /* LJKAppDelegate.m */,
				46A2D955155DBA51005AB2A9 /* MainStoryboard_iPhone.storyboard */,
				46A2D958155DBA51005AB2A9 /* MainStoryboard_iPad.storyboard */,
				46A2D95B155DBA51005AB2A9 /* LJKViewController.h */,
				46A2D95C155DBA51005AB2A9 /* LJKViewController.m */,
				46A2D94A155DBA51005AB2A9 /* Supporting Files */,
			);
			path = ModbusDemo;
			sourceTree = "<group>";
		};
		46A2D94A155DBA51005AB2A9 /* Supporting Files */ = {
			isa = PBXGroup;
			children = (
				46A2D94B155DBA51005AB2A9 /* ModbusDemo-Info.plist */,
				46A2D94C155DBA51005AB2A9 /* InfoPlist.strings */,
				46A2D94F155DBA51005AB2A9 /* main.m */,
				46A2D951155DBA51005AB2A9 /* ModbusDemo-Prefix.pch */,
			);
			name = "Supporting Files";
			sourceTree = "<group>";
		};
		46A2D96A155DBA51005AB2A9 /* ModbusDemoTests */ = {
			isa = PBXGroup;
			children = (
				46A2D970155DBA51005AB2A9 /* ModbusDemoTests.h */,
				46A2D971155DBA51005AB2A9 /* ModbusDemoTests.m */,
				46A2D96B155DBA51005AB2A9 /* Supporting Files */,
			);
			path = ModbusDemoTests;
			sourceTree = "<group>";
		};
		46A2D96B155DBA51005AB2A9 /* Supporting Files */ = {
			isa = PBXGroup;
			children = (
				46A2D96C155DBA51005AB2A9 /* ModbusDemoTests-Info.plist */,
				46A2D96D155DBA51005AB2A9 /* InfoPlist.strings */,
			);
			name = "Supporting Files";
			sourceTree = "<group>";
		};
		46A2D97B155DBA5A005AB2A9 /* ObjectiveLibModbus */ = {
			isa = PBXGroup;
			children = (
				46A2D97C155DBA85005AB2A9 /* ObjectiveLibModbus.h */,
				46A2D97D155DBA85005AB2A9 /* ObjectiveLibModbus.m */,
			);
			name = ObjectiveLibModbus;
			sourceTree = "<group>";
		};
		46A2D97F155DBB3B005AB2A9 /* Vendor */ = {
			isa = PBXGroup;
			children = (
				46A2D980155DBB42005AB2A9 /* LibModbus */,
			);
			name = Vendor;
			sourceTree = "<group>";
		};
		46A2D980155DBB42005AB2A9 /* LibModbus */ = {
			isa = PBXGroup;
			children = (
				46A2D993155DBB90005AB2A9 /* modbus-version.h */,
				46A2D981155DBB69005AB2A9 /* modbus-data.c */,
				46A2D982155DBB69005AB2A9 /* modbus-private.h */,
				46A2D983155DBB69005AB2A9 /* modbus-rtu-private.h */,
				46A2D984155DBB69005AB2A9 /* modbus-rtu.c */,
				46A2D985155DBB69005AB2A9 /* modbus-rtu.h */,
				46A2D986155DBB69005AB2A9 /* modbus-tcp-private.h */,
				46A2D987155DBB69005AB2A9 /* modbus-tcp.c */,
				46A2D988155DBB69005AB2A9 /* modbus-tcp.h */,
				46A2D989155DBB69005AB2A9 /* modbus.c */,
				46A2D98A155DBB69005AB2A9 /* modbus.h */,
			);
			name = LibModbus;
			sourceTree = "<group>";
		};
/* End PBXGroup section */

/* Begin PBXNativeTarget section */
		46A2D93E155DBA50005AB2A9 /* ModbusDemo */ = {
			isa = PBXNativeTarget;
			buildConfigurationList = 46A2D975155DBA51005AB2A9 /* Build configuration list for PBXNativeTarget "ModbusDemo" */;
			buildPhases = (
				46A2D93B155DBA50005AB2A9 /* Sources */,
				46A2D93C155DBA50005AB2A9 /* Frameworks */,
				46A2D93D155DBA50005AB2A9 /* Resources */,
			);
			buildRules = (
			);
			dependencies = (
			);
			name = ModbusDemo;
			productName = ModbusDemo;
			productReference = 46A2D93F155DBA50005AB2A9 /* ModbusDemo.app */;
			productType = "com.apple.product-type.application";
		};
		46A2D962155DBA51005AB2A9 /* ModbusDemoTests */ = {
			isa = PBXNativeTarget;
			buildConfigurationList = 46A2D978155DBA51005AB2A9 /* Build configuration list for PBXNativeTarget "ModbusDemoTests" */;
			buildPhases = (
				46A2D95E155DBA51005AB2A9 /* Sources */,
				46A2D95F155DBA51005AB2A9 /* Frameworks */,
				46A2D960155DBA51005AB2A9 /* Resources */,
				46A2D961155DBA51005AB2A9 /* ShellScript */,
			);
			buildRules = (
			);
			dependencies = (
				46A2D969155DBA51005AB2A9 /* PBXTargetDependency */,
			);
			name = ModbusDemoTests;
			productName = ModbusDemoTests;
			productReference = 46A2D963155DBA51005AB2A9 /* ModbusDemoTests.octest */;
			productType = "com.apple.product-type.bundle";
		};
/* End PBXNativeTarget section */

/* Begin PBXProject section */
		46A2D936155DBA50005AB2A9 /* Project object */ = {
			isa = PBXProject;
			attributes = {
				CLASSPREFIX = LJK;
				LastUpgradeCheck = 0430;
			};
			buildConfigurationList = 46A2D939155DBA50005AB2A9 /* Build configuration list for PBXProject "ModbusDemo" */;
			compatibilityVersion = "Xcode 3.2";
			developmentRegion = English;
			hasScannedForEncodings = 0;
			knownRegions = (
				en,
			);
			mainGroup = 46A2D934155DBA50005AB2A9;
			productRefGroup = 46A2D940155DBA50005AB2A9 /* Products */;
			projectDirPath = "";
			projectRoot = "";
			targets = (
				46A2D93E155DBA50005AB2A9 /* ModbusDemo */,
				46A2D962155DBA51005AB2A9 /* ModbusDemoTests */,
			);
		};
/* End PBXProject section */

/* Begin PBXResourcesBuildPhase section */
		46A2D93D155DBA50005AB2A9 /* Resources */ = {
			isa = PBXResourcesBuildPhase;
			buildActionMask = 2147483647;
			files = (
				46A2D94E155DBA51005AB2A9 /* InfoPlist.strings in Resources */,
				46A2D957155DBA51005AB2A9 /* MainStoryboard_iPhone.storyboard in Resources */,
				46A2D95A155DBA51005AB2A9 /* MainStoryboard_iPad.storyboard in Resources */,
				46A2D994155DBB90005AB2A9 /* modbus-version.h in Resources */,
			);
			runOnlyForDeploymentPostprocessing = 0;
		};
		46A2D960155DBA51005AB2A9 /* Resources */ = {
			isa = PBXResourcesBuildPhase;
			buildActionMask = 2147483647;
			files = (
				46A2D96F155DBA51005AB2A9 /* InfoPlist.strings in Resources */,
				46A2D995155DBB90005AB2A9 /* modbus-version.h in Resources */,
			);
			runOnlyForDeploymentPostprocessing = 0;
		};
/* End PBXResourcesBuildPhase section */

/* Begin PBXShellScriptBuildPhase section */
		46A2D961155DBA51005AB2A9 /* ShellScript */ = {
			isa = PBXShellScriptBuildPhase;
			buildActionMask = 2147483647;
			files = (
			);
			inputPaths = (
			);
			outputPaths = (
			);
			runOnlyForDeploymentPostprocessing = 0;
			shellPath = /bin/sh;
			shellScript = "# Run the unit tests in this test bundle.\n\"${SYSTEM_DEVELOPER_DIR}/Tools/RunUnitTests\"\n";
		};
/* End PBXShellScriptBuildPhase section */

/* Begin PBXSourcesBuildPhase section */
		46A2D93B155DBA50005AB2A9 /* Sources */ = {
			isa = PBXSourcesBuildPhase;
			buildActionMask = 2147483647;
			files = (
				46A2D950155DBA51005AB2A9 /* main.m in Sources */,
				46A2D954155DBA51005AB2A9 /* LJKAppDelegate.m in Sources */,
				46A2D95D155DBA51005AB2A9 /* LJKViewController.m in Sources */,
				46A2D97E155DBA85005AB2A9 /* ObjectiveLibModbus.m in Sources */,
				46A2D98B155DBB69005AB2A9 /* modbus-data.c in Sources */,
				46A2D98D155DBB69005AB2A9 /* modbus-rtu.c in Sources */,
				46A2D98F155DBB69005AB2A9 /* modbus-tcp.c in Sources */,
				46A2D991155DBB69005AB2A9 /* modbus.c in Sources */,
			);
			runOnlyForDeploymentPostprocessing = 0;
		};
		46A2D95E155DBA51005AB2A9 /* Sources */ = {
			isa = PBXSourcesBuildPhase;
			buildActionMask = 2147483647;
			files = (
				46A2D972155DBA51005AB2A9 /* ModbusDemoTests.m in Sources */,
				46A2D98C155DBB69005AB2A9 /* modbus-data.c in Sources */,
				46A2D98E155DBB69005AB2A9 /* modbus-rtu.c in Sources */,
				46A2D990155DBB69005AB2A9 /* modbus-tcp.c in Sources */,
				46A2D992155DBB69005AB2A9 /* modbus.c in Sources */,
			);
			runOnlyForDeploymentPostprocessing = 0;
		};
/* End PBXSourcesBuildPhase section */

/* Begin PBXTargetDependency section */
		46A2D969155DBA51005AB2A9 /* PBXTargetDependency */ = {
			isa = PBXTargetDependency;
			target = 46A2D93E155DBA50005AB2A9 /* ModbusDemo */;
			targetProxy = 46A2D968155DBA51005AB2A9 /* PBXContainerItemProxy */;
		};
/* End PBXTargetDependency section */

/* Begin PBXVariantGroup section */
		46A2D94C155DBA51005AB2A9 /* InfoPlist.strings */ = {
			isa = PBXVariantGroup;
			children = (
				46A2D94D155DBA51005AB2A9 /* en */,
			);
			name = InfoPlist.strings;
			sourceTree = "<group>";
		};
		46A2D955155DBA51005AB2A9 /* MainStoryboard_iPhone.storyboard */ = {
			isa = PBXVariantGroup;
			children = (
				46A2D956155DBA51005AB2A9 /* en */,
			);
			name = MainStoryboard_iPhone.storyboard;
			sourceTree = "<group>";
		};
		46A2D958155DBA51005AB2A9 /* MainStoryboard_iPad.storyboard */ = {
			isa = PBXVariantGroup;
			children = (
				46A2D959155DBA51005AB2A9 /* en */,
			);
			name = MainStoryboard_iPad.storyboard;
			sourceTree = "<group>";
		};
		46A2D96D155DBA51005AB2A9 /* InfoPlist.strings */ = {
			isa = PBXVariantGroup;
			children = (
				46A2D96E155DBA51005AB2A9 /* en */,
			);
			name = InfoPlist.strings;
			sourceTree = "<group>";
		};
/* End PBXVariantGroup section */

/* Begin XCBuildConfiguration section */
		46A2D973155DBA51005AB2A9 /* Debug */ = {
			isa = XCBuildConfiguration;
			buildSettings = {
				ALWAYS_SEARCH_USER_PATHS = NO;
				ARCHS = "$(ARCHS_STANDARD_32_BIT)";
				CLANG_ENABLE_OBJC_ARC = YES;
				"CODE_SIGN_IDENTITY[sdk=iphoneos*]" = "iPhone Developer";
				COPY_PHASE_STRIP = NO;
				GCC_C_LANGUAGE_STANDARD = gnu99;
				GCC_DYNAMIC_NO_PIC = NO;
				GCC_OPTIMIZATION_LEVEL = 0;
				GCC_PREPROCESSOR_DEFINITIONS = (
					"DEBUG=1",
					"$(inherited)",
				);
				GCC_SYMBOLS_PRIVATE_EXTERN = NO;
				GCC_VERSION = com.apple.compilers.llvm.clang.1_0;
				GCC_WARN_ABOUT_RETURN_TYPE = YES;
				GCC_WARN_UNINITIALIZED_AUTOS = YES;
				GCC_WARN_UNUSED_VARIABLE = YES;
				IPHONEOS_DEPLOYMENT_TARGET = 5.1;
				SDKROOT = iphoneos;
				TARGETED_DEVICE_FAMILY = "1,2";
			};
			name = Debug;
		};
		46A2D974155DBA51005AB2A9 /* Release */ = {
			isa = XCBuildConfiguration;
			buildSettings = {
				ALWAYS_SEARCH_USER_PATHS = NO;
				ARCHS = "$(ARCHS_STANDARD_32_BIT)";
				CLANG_ENABLE_OBJC_ARC = YES;
				"CODE_SIGN_IDENTITY[sdk=iphoneos*]" = "iPhone Developer";
				COPY_PHASE_STRIP = YES;
				GCC_C_LANGUAGE_STANDARD = gnu99;
				GCC_VERSION = com.apple.compilers.llvm.clang.1_0;
				GCC_WARN_ABOUT_RETURN_TYPE = YES;
				GCC_WARN_UNINITIALIZED_AUTOS = YES;
				GCC_WARN_UNUSED_VARIABLE = YES;
				IPHONEOS_DEPLOYMENT_TARGET = 5.1;
				OTHER_CFLAGS = "-DNS_BLOCK_ASSERTIONS=1";
				SDKROOT = iphoneos;
				TARGETED_DEVICE_FAMILY = "1,2";
				VALIDATE_PRODUCT = YES;
			};
			name = Release;
		};
		46A2D976155DBA51005AB2A9 /* Debug */ = {
			isa = XCBuildConfiguration;
			buildSettings = {
				GCC_PRECOMPILE_PREFIX_HEADER = YES;
				GCC_PREFIX_HEADER = "ModbusDemo/ModbusDemo-Prefix.pch";
				INFOPLIST_FILE = "ModbusDemo/ModbusDemo-Info.plist";
				PRODUCT_NAME = "$(TARGET_NAME)";
				WRAPPER_EXTENSION = app;
			};
			name = Debug;
		};
		46A2D977155DBA51005AB2A9 /* Release */ = {
			isa = XCBuildConfiguration;
			buildSettings = {
				GCC_PRECOMPILE_PREFIX_HEADER = YES;
				GCC_PREFIX_HEADER = "ModbusDemo/ModbusDemo-Prefix.pch";
				INFOPLIST_FILE = "ModbusDemo/ModbusDemo-Info.plist";
				PRODUCT_NAME = "$(TARGET_NAME)";
				WRAPPER_EXTENSION = app;
			};
			name = Release;
		};
		46A2D979155DBA51005AB2A9 /* Debug */ = {
			isa = XCBuildConfiguration;
			buildSettings = {
				BUNDLE_LOADER = "$(BUILT_PRODUCTS_DIR)/ModbusDemo.app/ModbusDemo";
				FRAMEWORK_SEARCH_PATHS = (
					"$(SDKROOT)/Developer/Library/Frameworks",
					"$(DEVELOPER_LIBRARY_DIR)/Frameworks",
				);
				GCC_PRECOMPILE_PREFIX_HEADER = YES;
				GCC_PREFIX_HEADER = "ModbusDemo/ModbusDemo-Prefix.pch";
				INFOPLIST_FILE = "ModbusDemoTests/ModbusDemoTests-Info.plist";
				PRODUCT_NAME = "$(TARGET_NAME)";
				TEST_HOST = "$(BUNDLE_LOADER)";
				WRAPPER_EXTENSION = octest;
			};
			name = Debug;
		};
		46A2D97A155DBA51005AB2A9 /* Release */ = {
			isa = XCBuildConfiguration;
			buildSettings = {
				BUNDLE_LOADER = "$(BUILT_PRODUCTS_DIR)/ModbusDemo.app/ModbusDemo";
				FRAMEWORK_SEARCH_PATHS = (
					"$(SDKROOT)/Developer/Library/Frameworks",
					"$(DEVELOPER_LIBRARY_DIR)/Frameworks",
				);
				GCC_PRECOMPILE_PREFIX_HEADER = YES;
				GCC_PREFIX_HEADER = "ModbusDemo/ModbusDemo-Prefix.pch";
				INFOPLIST_FILE = "ModbusDemoTests/ModbusDemoTests-Info.plist";
				PRODUCT_NAME = "$(TARGET_NAME)";
				TEST_HOST = "$(BUNDLE_LOADER)";
				WRAPPER_EXTENSION = octest;
			};
			name = Release;
		};
/* End XCBuildConfiguration section */

/* Begin XCConfigurationList section */
		46A2D939155DBA50005AB2A9 /* Build configuration list for PBXProject "ModbusDemo" */ = {
			isa = XCConfigurationList;
			buildConfigurations = (
				46A2D973155DBA51005AB2A9 /* Debug */,
				46A2D974155DBA51005AB2A9 /* Release */,
			);
			defaultConfigurationIsVisible = 0;
			defaultConfigurationName = Release;
		};
		46A2D975155DBA51005AB2A9 /* Build configuration list for PBXNativeTarget "ModbusDemo" */ = {
			isa = XCConfigurationList;
			buildConfigurations = (
				46A2D976155DBA51005AB2A9 /* Debug */,
				46A2D977155DBA51005AB2A9 /* Release */,
			);
			defaultConfigurationIsVisible = 0;
		};
		46A2D978155DBA51005AB2A9 /* Build configuration list for PBXNativeTarget "ModbusDemoTests" */ = {
			isa = XCConfigurationList;
			buildConfigurations = (
				46A2D979155DBA51005AB2A9 /* Debug */,
				46A2D97A155DBA51005AB2A9 /* Release */,
			);
			defaultConfigurationIsVisible = 0;
		};
/* End XCConfigurationList section */
	};
	rootObject = 46A2D936155DBA50005AB2A9 /* Project object */;
}
